// !$*UTF8*$!
{
	archiveVersion = 1;
	classes = {
	};
	objectVersion = 46;
	objects = {

/* Begin PBXBuildFile section */
		D6B876B91F678DBC00E2F915 /* AppDelegate.swift in Sources */ = {isa = PBXBuildFile; fileRef = D6B876B81F678DBC00E2F915 /* AppDelegate.swift */; };
		D6B876BB1F678DBC00E2F915 /* ViewController.swift in Sources */ = {isa = PBXBuildFile; fileRef = D6B876BA1F678DBC00E2F915 /* ViewController.swift */; };
		D6B876BE1F678DBC00E2F915 /* Main.storyboard in Resources */ = {isa = PBXBuildFile; fileRef = D6B876BC1F678DBC00E2F915 /* Main.storyboard */; };
		D6B876C01F678DBC00E2F915 /* Assets.xcassets in Resources */ = {isa = PBXBuildFile; fileRef = D6B876BF1F678DBC00E2F915 /* Assets.xcassets */; };
		D6B876C31F678DBC00E2F915 /* LaunchScreen.storyboard in Resources */ = {isa = PBXBuildFile; fileRef = D6B876C11F678DBC00E2F915 /* LaunchScreen.storyboard */; };
		D6B876CE1F678DBC00E2F915 /* HelloWorldTests.swift in Sources */ = {isa = PBXBuildFile; fileRef = D6B876CD1F678DBC00E2F915 /* HelloWorldTests.swift */; };
		D6B876D91F678DBC00E2F915 /* HelloWorldUITests.swift in Sources */ = {isa = PBXBuildFile; fileRef = D6B876D81F678DBC00E2F915 /* HelloWorldUITests.swift */; };
/* End PBXBuildFile section */

/* Begin PBXContainerItemProxy section */
		D6B876CA1F678DBC00E2F915 /* PBXContainerItemProxy */ = {
			isa = PBXContainerItemProxy;
			containerPortal = D6B876AD1F678DBC00E2F915 /* Project object */;
			proxyType = 1;
			remoteGlobalIDString = D6B876B41F678DBC00E2F915;
			remoteInfo = HelloWorld;
		};
		D6B876D51F678DBC00E2F915 /* PBXContainerItemProxy */ = {
			isa = PBXContainerItemProxy;
			containerPortal = D6B876AD1F678DBC00E2F915 /* Project object */;
			proxyType = 1;
			remoteGlobalIDString = D6B876B41F678DBC00E2F915;
			remoteInfo = HelloWorld;
		};
/* End PBXContainerItemProxy section */

/* Begin PBXFileReference section */
		D6B876B51F678DBC00E2F915 /* HelloWorld.app */ = {isa = PBXFileReference; explicitFileType = wrapper.application; includeInIndex = 0; path = HelloWorld.app; sourceTree = BUILT_PRODUCTS_DIR; };
		D6B876B81F678DBC00E2F915 /* AppDelegate.swift */ = {isa = PBXFileReference; lastKnownFileType = sourcecode.swift; path = AppDelegate.swift; sourceTree = "<group>"; };
		D6B876BA1F678DBC00E2F915 /* ViewController.swift */ = {isa = PBXFileReference; lastKnownFileType = sourcecode.swift; path = ViewController.swift; sourceTree = "<group>"; };
		D6B876BD1F678DBC00E2F915 /* Base */ = {isa = PBXFileReference; lastKnownFileType = file.storyboard; name = Base; path = Base.lproj/Main.storyboard; sourceTree = "<group>"; };
		D6B876BF1F678DBC00E2F915 /* Assets.xcassets */ = {isa = PBXFileReference; lastKnownFileType = folder.assetcatalog; path = Assets.xcassets; sourceTree = "<group>"; };
		D6B876C21F678DBC00E2F915 /* Base */ = {isa = PBXFileReference; lastKnownFileType = file.storyboard; name = Base; path = Base.lproj/LaunchScreen.storyboard; sourceTree = "<group>"; };
		D6B876C41F678DBC00E2F915 /* Info.plist */ = {isa = PBXFileReference; lastKnownFileType = text.plist.xml; path = Info.plist; sourceTree = "<group>"; };
		D6B876C91F678DBC00E2F915 /* HelloWorldTests.xctest */ = {isa = PBXFileReference; explicitFileType = wrapper.cfbundle; includeInIndex = 0; path = HelloWorldTests.xctest; sourceTree = BUILT_PRODUCTS_DIR; };
		D6B876CD1F678DBC00E2F915 /* HelloWorldTests.swift */ = {isa = PBXFileReference; lastKnownFileType = sourcecode.swift; path = HelloWorldTests.swift; sourceTree = "<group>"; };
		D6B876CF1F678DBC00E2F915 /* Info.plist */ = {isa = PBXFileReference; lastKnownFileType = text.plist.xml; path = Info.plist; sourceTree = "<group>"; };
		D6B876D41F678DBC00E2F915 /* HelloWorldUITests.xctest */ = {isa = PBXFileReference; explicitFileType = wrapper.cfbundle; includeInIndex = 0; path = HelloWorldUITests.xctest; sourceTree = BUILT_PRODUCTS_DIR; };
		D6B876D81F678DBC00E2F915 /* HelloWorldUITests.swift */ = {isa = PBXFileReference; lastKnownFileType = sourcecode.swift; path = HelloWorldUITests.swift; sourceTree = "<group>"; };
		D6B876DA1F678DBC00E2F915 /* Info.plist */ = {isa = PBXFileReference; lastKnownFileType = text.plist.xml; path = Info.plist; sourceTree = "<group>"; };
/* End PBXFileReference section */

/* Begin PBXFrameworksBuildPhase section */
		D6B876B21F678DBC00E2F915 /* Frameworks */ = {
			isa = PBXFrameworksBuildPhase;
			buildActionMask = 2147483647;
			files = (
			);
			runOnlyForDeploymentPostprocessing = 0;
		};
		D6B876C61F678DBC00E2F915 /* Frameworks */ = {
			isa = PBXFrameworksBuildPhase;
			buildActionMask = 2147483647;
			files = (
			);
			runOnlyForDeploymentPostprocessing = 0;
		};
		D6B876D11F678DBC00E2F915 /* Frameworks */ = {
			isa = PBXFrameworksBuildPhase;
			buildActionMask = 2147483647;
			files = (
			);
			runOnlyForDeploymentPostprocessing = 0;
		};
/* End PBXFrameworksBuildPhase section */

/* Begin PBXGroup section */
		D6B876AC1F678DBC00E2F915 = {
			isa = PBXGroup;
			children = (
				D6B876B71F678DBC00E2F915 /* HelloWorld */,
				D6B876CC1F678DBC00E2F915 /* HelloWorldTests */,
				D6B876D71F678DBC00E2F915 /* HelloWorldUITests */,
				D6B876B61F678DBC00E2F915 /* Products */,
			);
			sourceTree = "<group>";
		};
		D6B876B61F678DBC00E2F915 /* Products */ = {
			isa = PBXGroup;
			children = (
				D6B876B51F678DBC00E2F915 /* HelloWorld.app */,
				D6B876C91F678DBC00E2F915 /* HelloWorldTests.xctest */,
				D6B876D41F678DBC00E2F915 /* HelloWorldUITests.xctest */,
			);
			name = Products;
			sourceTree = "<group>";
		};
		D6B876B71F678DBC00E2F915 /* HelloWorld */ = {
			isa = PBXGroup;
			children = (
				D6B876B81F678DBC00E2F915 /* AppDelegate.swift */,
				D6B876BA1F678DBC00E2F915 /* ViewController.swift */,
				D6B876BC1F678DBC00E2F915 /* Main.storyboard */,
				D6B876BF1F678DBC00E2F915 /* Assets.xcassets */,
				D6B876C11F678DBC00E2F915 /* LaunchScreen.storyboard */,
				D6B876C41F678DBC00E2F915 /* Info.plist */,
			);
			path = HelloWorld;
			sourceTree = "<group>";
		};
		D6B876CC1F678DBC00E2F915 /* HelloWorldTests */ = {
			isa = PBXGroup;
			children = (
				D6B876CD1F678DBC00E2F915 /* HelloWorldTests.swift */,
				D6B876CF1F678DBC00E2F915 /* Info.plist */,
			);
			path = HelloWorldTests;
			sourceTree = "<group>";
		};
		D6B876D71F678DBC00E2F915 /* HelloWorldUITests */ = {
			isa = PBXGroup;
			children = (
				D6B876D81F678DBC00E2F915 /* HelloWorldUITests.swift */,
				D6B876DA1F678DBC00E2F915 /* Info.plist */,
			);
			path = HelloWorldUITests;
			sourceTree = "<group>";
		};
/* End PBXGroup section */

/* Begin PBXNativeTarget section */
		D6B876B41F678DBC00E2F915 /* HelloWorld */ = {
			isa = PBXNativeTarget;
			buildConfigurationList = D6B876DD1F678DBC00E2F915 /* Build configuration list for PBXNativeTarget "HelloWorld" */;
			buildPhases = (
				D6B876B11F678DBC00E2F915 /* Sources */,
				D6B876B21F678DBC00E2F915 /* Frameworks */,
				D6B876B31F678DBC00E2F915 /* Resources */,
			);
			buildRules = (
			);
			dependencies = (
			);
			name = HelloWorld;
			productName = HelloWorld;
			productReference = D6B876B51F678DBC00E2F915 /* HelloWorld.app */;
			productType = "com.apple.product-type.application";
		};
		D6B876C81F678DBC00E2F915 /* HelloWorldTests */ = {
			isa = PBXNativeTarget;
			buildConfigurationList = D6B876E01F678DBC00E2F915 /* Build configuration list for PBXNativeTarget "HelloWorldTests" */;
			buildPhases = (
				D6B876C51F678DBC00E2F915 /* Sources */,
				D6B876C61F678DBC00E2F915 /* Frameworks */,
				D6B876C71F678DBC00E2F915 /* Resources */,
			);
			buildRules = (
			);
			dependencies = (
				D6B876CB1F678DBC00E2F915 /* PBXTargetDependency */,
			);
			name = HelloWorldTests;
			productName = HelloWorldTests;
			productReference = D6B876C91F678DBC00E2F915 /* HelloWorldTests.xctest */;
			productType = "com.apple.product-type.bundle.unit-test";
		};
		D6B876D31F678DBC00E2F915 /* HelloWorldUITests */ = {
			isa = PBXNativeTarget;
			buildConfigurationList = D6B876E31F678DBC00E2F915 /* Build configuration list for PBXNativeTarget "HelloWorldUITests" */;
			buildPhases = (
				D6B876D01F678DBC00E2F915 /* Sources */,
				D6B876D11F678DBC00E2F915 /* Frameworks */,
				D6B876D21F678DBC00E2F915 /* Resources */,
			);
			buildRules = (
			);
			dependencies = (
				D6B876D61F678DBC00E2F915 /* PBXTargetDependency */,
			);
			name = HelloWorldUITests;
			productName = HelloWorldUITests;
			productReference = D6B876D41F678DBC00E2F915 /* HelloWorldUITests.xctest */;
			productType = "com.apple.product-type.bundle.ui-testing";
		};
/* End PBXNativeTarget section */

/* Begin PBXProject section */
		D6B876AD1F678DBC00E2F915 /* Project object */ = {
			isa = PBXProject;
			attributes = {
				LastSwiftUpdateCheck = 0830;
				LastUpgradeCheck = 0830;
				ORGANIZATIONNAME = lightning;
				TargetAttributes = {
					D6B876B41F678DBC00E2F915 = {
						CreatedOnToolsVersion = 8.3.3;
						DevelopmentTeam = UQ6H9JH3R9;
						ProvisioningStyle = Automatic;
					};
					D6B876C81F678DBC00E2F915 = {
						CreatedOnToolsVersion = 8.3.3;
						DevelopmentTeam = UQ6H9JH3R9;
						ProvisioningStyle = Automatic;
						TestTargetID = D6B876B41F678DBC00E2F915;
					};
					D6B876D31F678DBC00E2F915 = {
						CreatedOnToolsVersion = 8.3.3;
						DevelopmentTeam = UQ6H9JH3R9;
						ProvisioningStyle = Automatic;
						TestTargetID = D6B876B41F678DBC00E2F915;
					};
				};
			};
			buildConfigurationList = D6B876B01F678DBC00E2F915 /* Build configuration list for PBXProject "HelloWorld" */;
			compatibilityVersion = "Xcode 3.2";
			developmentRegion = English;
			hasScannedForEncodings = 0;
			knownRegions = (
				en,
				Base,
			);
			mainGroup = D6B876AC1F678DBC00E2F915;
			productRefGroup = D6B876B61F678DBC00E2F915 /* Products */;
			projectDirPath = "";
			projectRoot = "";
			targets = (
				D6B876B41F678DBC00E2F915 /* HelloWorld */,
				D6B876C81F678DBC00E2F915 /* HelloWorldTests */,
				D6B876D31F678DBC00E2F915 /* HelloWorldUITests */,
			);
		};
/* End PBXProject section */

/* Begin PBXResourcesBuildPhase section */
		D6B876B31F678DBC00E2F915 /* Resources */ = {
			isa = PBXResourcesBuildPhase;
			buildActionMask = 2147483647;
			files = (
				D6B876C31F678DBC00E2F915 /* LaunchScreen.storyboard in Resources */,
				D6B876C01F678DBC00E2F915 /* Assets.xcassets in Resources */,
				D6B876BE1F678DBC00E2F915 /* Main.storyboard in Resources */,
			);
			runOnlyForDeploymentPostprocessing = 0;
		};
		D6B876C71F678DBC00E2F915 /* Resources */ = {
			isa = PBXResourcesBuildPhase;
			buildActionMask = 2147483647;
			files = (
			);
			runOnlyForDeploymentPostprocessing = 0;
		};
		D6B876D21F678DBC00E2F915 /* Resources */ = {
			isa = PBXResourcesBuildPhase;
			buildActionMask = 2147483647;
			files = (
			);
			runOnlyForDeploymentPostprocessing = 0;
		};
/* End PBXResourcesBuildPhase section */

/* Begin PBXSourcesBuildPhase section */
		D6B876B11F678DBC00E2F915 /* Sources */ = {
			isa = PBXSourcesBuildPhase;
			buildActionMask = 2147483647;
			files = (
				D6B876BB1F678DBC00E2F915 /* ViewController.swift in Sources */,
				D6B876B91F678DBC00E2F915 /* AppDelegate.swift in Sources */,
			);
			runOnlyForDeploymentPostprocessing = 0;
		};
		D6B876C51F678DBC00E2F915 /* Sources */ = {
			isa = PBXSourcesBuildPhase;
			buildActionMask = 2147483647;
			files = (
				D6B876CE1F678DBC00E2F915 /* HelloWorldTests.swift in Sources */,
			);
			runOnlyForDeploymentPostprocessing = 0;
		};
		D6B876D01F678DBC00E2F915 /* Sources */ = {
			isa = PBXSourcesBuildPhase;
			buildActionMask = 2147483647;
			files = (
				D6B876D91F678DBC00E2F915 /* HelloWorldUITests.swift in Sources */,
			);
			runOnlyForDeploymentPostprocessing = 0;
		};
/* End PBXSourcesBuildPhase section */

/* Begin PBXTargetDependency section */
		D6B876CB1F678DBC00E2F915 /* PBXTargetDependency */ = {
			isa = PBXTargetDependency;
			target = D6B876B41F678DBC00E2F915 /* HelloWorld */;
			targetProxy = D6B876CA1F678DBC00E2F915 /* PBXContainerItemProxy */;
		};
		D6B876D61F678DBC00E2F915 /* PBXTargetDependency */ = {
			isa = PBXTargetDependency;
			target = D6B876B41F678DBC00E2F915 /* HelloWorld */;
			targetProxy = D6B876D51F678DBC00E2F915 /* PBXContainerItemProxy */;
		};
/* End PBXTargetDependency section */

/* Begin PBXVariantGroup section */
		D6B876BC1F678DBC00E2F915 /* Main.storyboard */ = {
			isa = PBXVariantGroup;
			children = (
				D6B876BD1F678DBC00E2F915 /* Base */,
			);
			name = Main.storyboard;
			sourceTree = "<group>";
		};
		D6B876C11F678DBC00E2F915 /* LaunchScreen.storyboard */ = {
			isa = PBXVariantGroup;
			children = (
				D6B876C21F678DBC00E2F915 /* Base */,
			);
			name = LaunchScreen.storyboard;
			sourceTree = "<group>";
		};
/* End PBXVariantGroup section */

/* Begin XCBuildConfiguration section */
		D6B876DB1F678DBC00E2F915 /* Debug */ = {
			isa = XCBuildConfiguration;
			buildSettings = {
				ALWAYS_SEARCH_USER_PATHS = NO;
				CLANG_ANALYZER_NONNULL = YES;
				CLANG_ANALYZER_NUMBER_OBJECT_CONVERSION = YES_AGGRESSIVE;
				CLANG_CXX_LANGUAGE_STANDARD = "gnu++0x";
				CLANG_CXX_LIBRARY = "libc++";
				CLANG_ENABLE_MODULES = YES;
				CLANG_ENABLE_OBJC_ARC = YES;
				CLANG_WARN_BOOL_CONVERSION = YES;
				CLANG_WARN_CONSTANT_CONVERSION = YES;
				CLANG_WARN_DIRECT_OBJC_ISA_USAGE = YES_ERROR;
				CLANG_WARN_DOCUMENTATION_COMMENTS = YES;
				CLANG_WARN_EMPTY_BODY = YES;
				CLANG_WARN_ENUM_CONVERSION = YES;
				CLANG_WARN_INFINITE_RECURSION = YES;
				CLANG_WARN_INT_CONVERSION = YES;
				CLANG_WARN_OBJC_ROOT_CLASS = YES_ERROR;
				CLANG_WARN_SUSPICIOUS_MOVE = YES;
				CLANG_WARN_UNREACHABLE_CODE = YES;
				CLANG_WARN__DUPLICATE_METHOD_MATCH = YES;
				"CODE_SIGN_IDENTITY[sdk=iphoneos*]" = "iPhone Developer";
				COPY_PHASE_STRIP = NO;
				DEBUG_INFORMATION_FORMAT = dwarf;
				ENABLE_STRICT_OBJC_MSGSEND = YES;
				ENABLE_TESTABILITY = YES;
				GCC_C_LANGUAGE_STANDARD = gnu99;
				GCC_DYNAMIC_NO_PIC = NO;
				GCC_NO_COMMON_BLOCKS = YES;
				GCC_OPTIMIZATION_LEVEL = 0;
				GCC_PREPROCESSOR_DEFINITIONS = (
					"DEBUG=1",
					"$(inherited)",
				);
				GCC_WARN_64_TO_32_BIT_CONVERSION = YES;
				GCC_WARN_ABOUT_RETURN_TYPE = YES_ERROR;
				GCC_WARN_UNDECLARED_SELECTOR = YES;
				GCC_WARN_UNINITIALIZED_AUTOS = YES_AGGRESSIVE;
				GCC_WARN_UNUSED_FUNCTION = YES;
				GCC_WARN_UNUSED_VARIABLE = YES;
				IPHONEOS_DEPLOYMENT_TARGET = 10.3;
				MTL_ENABLE_DEBUG_INFO = YES;
				ONLY_ACTIVE_ARCH = YES;
				SDKROOT = iphoneos;
				SWIFT_ACTIVE_COMPILATION_CONDITIONS = DEBUG;
				SWIFT_OPTIMIZATION_LEVEL = "-Onone";
				TARGETED_DEVICE_FAMILY = "1,2";
			};
			name = Debug;
		};
		D6B876DC1F678DBC00E2F915 /* Release */ = {
			isa = XCBuildConfiguration;
			buildSettings = {
				ALWAYS_SEARCH_USER_PATHS = NO;
				CLANG_ANALYZER_NONNULL = YES;
				CLANG_ANALYZER_NUMBER_OBJECT_CONVERSION = YES_AGGRESSIVE;
				CLANG_CXX_LANGUAGE_STANDARD = "gnu++0x";
				CLANG_CXX_LIBRARY = "libc++";
				CLANG_ENABLE_MODULES = YES;
				CLANG_ENABLE_OBJC_ARC = YES;
				CLANG_WARN_BOOL_CONVERSION = YES;
				CLANG_WARN_CONSTANT_CONVERSION = YES;
				CLANG_WARN_DIRECT_OBJC_ISA_USAGE = YES_ERROR;
				CLANG_WARN_DOCUMENTATION_COMMENTS = YES;
				CLANG_WARN_EMPTY_BODY = YES;
				CLANG_WARN_ENUM_CONVERSION = YES;
				CLANG_WARN_INFINITE_RECURSION = YES;
				CLANG_WARN_INT_CONVERSION = YES;
				CLANG_WARN_OBJC_ROOT_CLASS = YES_ERROR;
				CLANG_WARN_SUSPICIOUS_MOVE = YES;
				CLANG_WARN_UNREACHABLE_CODE = YES;
				CLANG_WARN__DUPLICATE_METHOD_MATCH = YES;
				"CODE_SIGN_IDENTITY[sdk=iphoneos*]" = "iPhone Developer";
				COPY_PHASE_STRIP = NO;
				DEBUG_INFORMATION_FORMAT = "dwarf-with-dsym";
				ENABLE_NS_ASSERTIONS = NO;
				ENABLE_STRICT_OBJC_MSGSEND = YES;
				GCC_C_LANGUAGE_STANDARD = gnu99;
				GCC_NO_COMMON_BLOCKS = YES;
				GCC_WARN_64_TO_32_BIT_CONVERSION = YES;
				GCC_WARN_ABOUT_RETURN_TYPE = YES_ERROR;
				GCC_WARN_UNDECLARED_SELECTOR = YES;
				GCC_WARN_UNINITIALIZED_AUTOS = YES_AGGRESSIVE;
				GCC_WARN_UNUSED_FUNCTION = YES;
				GCC_WARN_UNUSED_VARIABLE = YES;
				IPHONEOS_DEPLOYMENT_TARGET = 10.3;
				MTL_ENABLE_DEBUG_INFO = NO;
				SDKROOT = iphoneos;
				SWIFT_OPTIMIZATION_LEVEL = "-Owholemodule";
				TARGETED_DEVICE_FAMILY = "1,2";
				VALIDATE_PRODUCT = YES;
			};
			name = Release;
		};
		D6B876DE1F678DBC00E2F915 /* Debug */ = {
			isa = XCBuildConfiguration;
			buildSettings = {
				ASSETCATALOG_COMPILER_APPICON_NAME = AppIcon;
				DEVELOPMENT_TEAM = UQ6H9JH3R9;
				INFOPLIST_FILE = HelloWorld/Info.plist;
				LD_RUNPATH_SEARCH_PATHS = "$(inherited) @executable_path/Frameworks";
				PRODUCT_BUNDLE_IDENTIFIER = cn.edu.nju.HelloWorld;
				PRODUCT_NAME = "$(TARGET_NAME)";
				SWIFT_VERSION = 3.0;
			};
			name = Debug;
		};
		D6B876DF1F678DBC00E2F915 /* Release */ = {
			isa = XCBuildConfiguration;
			buildSettings = {
				ASSETCATALOG_COMPILER_APPICON_NAME = AppIcon;
				DEVELOPMENT_TEAM = UQ6H9JH3R9;
				INFOPLIST_FILE = HelloWorld/Info.plist;
				LD_RUNPATH_SEARCH_PATHS = "$(inherited) @executable_path/Frameworks";
				PRODUCT_BUNDLE_IDENTIFIER = cn.edu.nju.HelloWorld;
				PRODUCT_NAME = "$(TARGET_NAME)";
				SWIFT_VERSION = 3.0;
			};
			name = Release;
		};
		D6B876E11F678DBC00E2F915 /* Debug */ = {
			isa = XCBuildConfiguration;
			buildSettings = {
				ALWAYS_EMBED_SWIFT_STANDARD_LIBRARIES = YES;
				BUNDLE_LOADER = "$(TEST_HOST)";
				DEVELOPMENT_TEAM = UQ6H9JH3R9;
				INFOPLIST_FILE = HelloWorldTests/Info.plist;
				LD_RUNPATH_SEARCH_PATHS = "$(inherited) @executable_path/Frameworks @loader_path/Frameworks";
				PRODUCT_BUNDLE_IDENTIFIER = cn.edu.nju.HelloWorldTests;
				PRODUCT_NAME = "$(TARGET_NAME)";
				SWIFT_VERSION = 3.0;
				TEST_HOST = "$(BUILT_PRODUCTS_DIR)/HelloWorld.app/HelloWorld";
			};
			name = Debug;
		};
		D6B876E21F678DBC00E2F915 /* Release */ = {
			isa = XCBuildConfiguration;
			buildSettings = {
				ALWAYS_EMBED_SWIFT_STANDARD_LIBRARIES = YES;
				BUNDLE_LOADER = "$(TEST_HOST)";
				DEVELOPMENT_TEAM = UQ6H9JH3R9;
				INFOPLIST_FILE = HelloWorldTests/Info.plist;
				LD_RUNPATH_SEARCH_PATHS = "$(inherited) @executable_path/Frameworks @loader_path/Frameworks";
				PRODUCT_BUNDLE_IDENTIFIER = cn.edu.nju.HelloWorldTests;
				PRODUCT_NAME = "$(TARGET_NAME)";
				SWIFT_VERSION = 3.0;
				TEST_HOST = "$(BUILT_PRODUCTS_DIR)/HelloWorld.app/HelloWorld";
			};
			name = Release;
		};
		D6B876E41F678DBC00E2F915 /* Debug */ = {
			isa = XCBuildConfiguration;
			buildSettings = {
				ALWAYS_EMBED_SWIFT_STANDARD_LIBRARIES = YES;
				DEVELOPMENT_TEAM = UQ6H9JH3R9;
				INFOPLIST_FILE = HelloWorldUITests/Info.plist;
				LD_RUNPATH_SEARCH_PATHS = "$(inherited) @executable_path/Frameworks @loader_path/Frameworks";
				PRODUCT_BUNDLE_IDENTIFIER = cn.edu.nju.HelloWorldUITests;
				PRODUCT_NAME = "$(TARGET_NAME)";
				SWIFT_VERSION = 3.0;
				TEST_TARGET_NAME = HelloWorld;
			};
			name = Debug;
		};
		D6B876E51F678DBC00E2F915 /* Release */ = {
			isa = XCBuildConfiguration;
			buildSettings = {
				ALWAYS_EMBED_SWIFT_STANDARD_LIBRARIES = YES;
				DEVELOPMENT_TEAM = UQ6H9JH3R9;
				INFOPLIST_FILE = HelloWorldUITests/Info.plist;
				LD_RUNPATH_SEARCH_PATHS = "$(inherited) @executable_path/Frameworks @loader_path/Frameworks";
				PRODUCT_BUNDLE_IDENTIFIER = cn.edu.nju.HelloWorldUITests;
				PRODUCT_NAME = "$(TARGET_NAME)";
				SWIFT_VERSION = 3.0;
				TEST_TARGET_NAME = HelloWorld;
			};
			name = Release;
		};
/* End XCBuildConfiguration section */

/* Begin XCConfigurationList section */
		D6B876B01F678DBC00E2F915 /* Build configuration list for PBXProject "HelloWorld" */ = {
			isa = XCConfigurationList;
			buildConfigurations = (
				D6B876DB1F678DBC00E2F915 /* Debug */,
				D6B876DC1F678DBC00E2F915 /* Release */,
			);
			defaultConfigurationIsVisible = 0;
			defaultConfigurationName = Release;
		};
		D6B876DD1F678DBC00E2F915 /* Build configuration list for PBXNativeTarget "HelloWorld" */ = {
			isa = XCConfigurationList;
			buildConfigurations = (
				D6B876DE1F678DBC00E2F915 /* Debug */,
				D6B876DF1F678DBC00E2F915 /* Release */,
			);
			defaultConfigurationIsVisible = 0;
		};
		D6B876E01F678DBC00E2F915 /* Build configuration list for PBXNativeTarget "HelloWorldTests" */ = {
			isa = XCConfigurationList;
			buildConfigurations = (
				D6B876E11F678DBC00E2F915 /* Debug */,
				D6B876E21F678DBC00E2F915 /* Release */,
			);
			defaultConfigurationIsVisible = 0;
		};
		D6B876E31F678DBC00E2F915 /* Build configuration list for PBXNativeTarget "HelloWorldUITests" */ = {
			isa = XCConfigurationList;
			buildConfigurations = (
				D6B876E41F678DBC00E2F915 /* Debug */,
				D6B876E51F678DBC00E2F915 /* Release */,
			);
			defaultConfigurationIsVisible = 0;
		};
/* End XCConfigurationList section */
	};
	rootObject = D6B876AD1F678DBC00E2F915 /* Project object */;
}
